
Microsoft Visual Studio Solution File, Format Version 12.00
# Visual Studio 15
VisualStudioVersion = 15.0.27428.2043
MinimumVisualStudioVersion = 10.0.40219.1
Project("{FAE04EC0-301F-11D3-BF4B-00C04F79EFBC}") = "GitPractice", "GitPractice\GitPractice.csproj", "{B3564EED-A831-43FB-B828-B39ED5BCF313}"
EndProject
Global
	GlobalSection(SolutionConfigurationPlatforms) = preSolution
		Debug|Any CPU = Debug|Any CPU
		Release|Any CPU = Release|Any CPU
	EndGlobalSection
	GlobalSection(ProjectConfigurationPlatforms) = postSolution
		{B3564EED-A831-43FB-B828-B39ED5BCF313}.Debug|Any CPU.ActiveCfg = Debug|Any CPU
		{B3564EED-A831-43FB-B828-B39ED5BCF313}.Debug|Any CPU.Build.0 = Debug|Any CPU
		{B3564EED-A831-43FB-B828-B39ED5BCF313}.Release|Any CPU.ActiveCfg = Release|Any CPU
		{B3564EED-A831-43FB-B828-B39ED5BCF313}.Release|Any CPU.Build.0 = Release|Any CPU
	EndGlobalSection
	GlobalSection(SolutionProperties) = preSolution
		HideSolutionNode = FALSE
	EndGlobalSection
	GlobalSection(ExtensibilityGlobals) = postSolution
		SolutionGuid = {9CDABE9D-AB1D-4D50-A1EB-65918FFDC164}
	EndGlobalSection
EndGlobal
